// !$*UTF8*$!
{
	archiveVersion = 1;
	classes = {
	};
	objectVersion = 77;
	objects = {

/* Begin PBXBuildFile section */
		D84699442EC0C30300512670 /* SyncNosHelper.app in CopyFiles */ = {isa = PBXBuildFile; fileRef = D846980B2EC0BFDC00512670 /* SyncNosHelper.app */; settings = {ATTRIBUTES = (RemoveHeadersOnCopy, ); }; };
		D8529F712E7354B200FE0D95 /* LICENSE in Resources */ = {isa = PBXBuildFile; fileRef = D8529F702E7354B200FE0D95 /* LICENSE */; };
		D8CCCCA62E72DB5E00ED8EFA /* README.md in Resources */ = {isa = PBXBuildFile; fileRef = D8CCCCA52E72DB5E00ED8EFA /* README.md */; };
/* End PBXBuildFile section */

/* Begin PBXCopyFilesBuildPhase section */
		D84699432EC0C2E700512670 /* CopyFiles */ = {
			isa = PBXCopyFilesBuildPhase;
			buildActionMask = 2147483647;
			dstPath = Contents/Library/LoginItems;
			dstSubfolderSpec = 1;
			files = (
				D84699442EC0C30300512670 /* SyncNosHelper.app in CopyFiles */,
			);
			runOnlyForDeploymentPostprocessing = 0;
		};
/* End PBXCopyFilesBuildPhase section */

/* Begin PBXFileReference section */
		D846980B2EC0BFDC00512670 /* SyncNosHelper.app */ = {isa = PBXFileReference; explicitFileType = wrapper.application; includeInIndex = 0; path = SyncNosHelper.app; sourceTree = BUILT_PRODUCTS_DIR; };
		D8529F702E7354B200FE0D95 /* LICENSE */ = {isa = PBXFileReference; lastKnownFileType = text; path = LICENSE; sourceTree = "<group>"; };
		D8CCCCA52E72DB5E00ED8EFA /* README.md */ = {isa = PBXFileReference; lastKnownFileType = net.daringfireball.markdown; path = README.md; sourceTree = "<group>"; };
		D8CE88DA2E713DB50025AD6E /* SyncNos.app */ = {isa = PBXFileReference; explicitFileType = wrapper.application; includeInIndex = 0; path = SyncNos.app; sourceTree = BUILT_PRODUCTS_DIR; };
/* End PBXFileReference section */

/* Begin PBXFileSystemSynchronizedBuildFileExceptionSet section */
		D84699152EC0C1DE00512670 /* Exceptions for "SyncNos" folder in "SyncNosHelper" target */ = {
			isa = PBXFileSystemSynchronizedBuildFileExceptionSet;
			membershipExceptions = (
				Models/AccountModels.swift,
				Models/HighlightColorScheme.swift,
				Models/Models.swift,
				Models/SyncQueueModels.swift,
				Services/Auth/AuthService.swift,
				Services/Auth/IAPService.swift,
				Services/Auth/KeychainHelper.swift,
				Services/Core/BackgroundActivityService.swift,
				Services/Core/ConcurrencyLimiter.swift,
				Services/Core/DIContainer.swift,
				Services/Core/LoggerService.swift,
				Services/Core/LoginItemService.swift,
				Services/Core/Protocols.swift,
				Services/Core/SharedDefaults.swift,
				"Services/DataSources-From/AppleBooks/AppleBooksPicker.swift",
				"Services/DataSources-From/AppleBooks/BookFilterService.swift",
				"Services/DataSources-From/AppleBooks/BookmarkStore.swift",
				"Services/DataSources-From/AppleBooks/DatabaseConnectionService.swift",
				"Services/DataSources-From/AppleBooks/DatabaseQueryService.swift",
				"Services/DataSources-From/AppleBooks/DatabaseReadOnlySession.swift",
				"Services/DataSources-From/AppleBooks/DatabaseService.swift",
				"Services/DataSources-From/GoodLinks/GoodLinksConnectionService.swift",
				"Services/DataSources-From/GoodLinks/GoodLinksModels.swift",
				"Services/DataSources-From/GoodLinks/GoodLinksProtocols.swift",
				"Services/DataSources-From/GoodLinks/GoodLinksQueryService.swift",
				"Services/DataSources-From/GoodLinks/GoodLinksService.swift",
				"Services/DataSources-From/GoodLinks/GoodLinksTagParser.swift",
				"Services/DataSources-From/WeRead/1.md",
				"Services/DataSources-From/WeRead/微信读书API实现.md",
				"Services/DataSources-To/Notion/Configuration/NotionConfigStore.swift",
				"Services/DataSources-To/Notion/Configuration/NotionSyncConfig.swift",
				"Services/DataSources-To/Notion/Core/NotionHelperMethods.swift",
				"Services/DataSources-To/Notion/Core/NotionRateLimiter.swift",
				"Services/DataSources-To/Notion/Core/NotionRequestHelper.swift",
				"Services/DataSources-To/Notion/Core/NotionService.swift",
				"Services/DataSources-To/Notion/Core/NotionServiceCore.swift",
				"Services/DataSources-To/Notion/FromAppleBooks/AppleBooksSyncService.swift",
				"Services/DataSources-To/Notion/FromAppleBooks/AppleBooksSyncServiceProtocol.swift",
				"Services/DataSources-To/Notion/FromAppleBooks/AppleBooksSyncStrategyPerBook.swift",
				"Services/DataSources-To/Notion/FromAppleBooks/AppleBooksSyncStrategyProtocol.swift",
				"Services/DataSources-To/Notion/FromAppleBooks/AppleBooksSyncStrategySingleDB.swift",
				"Services/DataSources-To/Notion/FromAppleBooks/SyncTimestampStore.swift",
				"Services/DataSources-To/Notion/FromGoodLinks/GoodLinksSyncService.swift",
				"Services/DataSources-To/Notion/Operations/NotionDatabaseOperations.swift",
				"Services/DataSources-To/Notion/Operations/NotionHighlightOperations.swift",
				"Services/DataSources-To/Notion/Operations/NotionPageOperations.swift",
				"Services/DataSources-To/Notion/Operations/NotionQueryOperations.swift",
				Services/Sync/AutoSyncService.swift,
				Services/Sync/SyncActivityMonitor.swift,
				Services/Sync/SyncQueueStore.swift,
			);
			target = D846980A2EC0BFDC00512670 /* SyncNosHelper */;
		};
/* End PBXFileSystemSynchronizedBuildFileExceptionSet section */

/* Begin PBXFileSystemSynchronizedRootGroup section */
		D846980C2EC0BFDC00512670 /* SyncNosHelper */ = {
			isa = PBXFileSystemSynchronizedRootGroup;
			path = SyncNosHelper;
			sourceTree = "<group>";
		};
		D855CBA82E7D52B10019C4A0 /* Resource */ = {
			isa = PBXFileSystemSynchronizedRootGroup;
			path = Resource;
			sourceTree = "<group>";
		};
		D8CE88DB2E713DB50025AD6E /* SyncNos */ = {
			isa = PBXFileSystemSynchronizedRootGroup;
			exceptions = (
				D84699152EC0C1DE00512670 /* Exceptions for "SyncNos" folder in "SyncNosHelper" target */,
			);
			path = SyncNos;
			sourceTree = "<group>";
		};
/* End PBXFileSystemSynchronizedRootGroup section */

/* Begin PBXFrameworksBuildPhase section */
		D84698082EC0BFDC00512670 /* Frameworks */ = {
			isa = PBXFrameworksBuildPhase;
			buildActionMask = 2147483647;
			files = (
			);
			runOnlyForDeploymentPostprocessing = 0;
		};
		D8CE88D72E713DB50025AD6E /* Frameworks */ = {
			isa = PBXFrameworksBuildPhase;
			buildActionMask = 2147483647;
			files = (
			);
			runOnlyForDeploymentPostprocessing = 0;
		};
/* End PBXFrameworksBuildPhase section */

/* Begin PBXGroup section */
		D81167B32E70A13F000D0173 = {
			isa = PBXGroup;
			children = (
				D855CBA82E7D52B10019C4A0 /* Resource */,
				D8529F702E7354B200FE0D95 /* LICENSE */,
				D8CCCCA52E72DB5E00ED8EFA /* README.md */,
				D8CE88DB2E713DB50025AD6E /* SyncNos */,
				D846980C2EC0BFDC00512670 /* SyncNosHelper */,
				D81167BD2E70A140000D0173 /* Products */,
			);
			sourceTree = "<group>";
		};
		D81167BD2E70A140000D0173 /* Products */ = {
			isa = PBXGroup;
			children = (
				D8CE88DA2E713DB50025AD6E /* SyncNos.app */,
				D846980B2EC0BFDC00512670 /* SyncNosHelper.app */,
			);
			name = Products;
			sourceTree = "<group>";
		};
/* End PBXGroup section */

/* Begin PBXNativeTarget section */
		D846980A2EC0BFDC00512670 /* SyncNosHelper */ = {
			isa = PBXNativeTarget;
			buildConfigurationList = D84698152EC0BFDD00512670 /* Build configuration list for PBXNativeTarget "SyncNosHelper" */;
			buildPhases = (
				D84698072EC0BFDC00512670 /* Sources */,
				D84698082EC0BFDC00512670 /* Frameworks */,
				D84698092EC0BFDC00512670 /* Resources */,
			);
			buildRules = (
			);
			dependencies = (
			);
			fileSystemSynchronizedGroups = (
				D846980C2EC0BFDC00512670 /* SyncNosHelper */,
			);
			name = SyncNosHelper;
			packageProductDependencies = (
			);
			productName = SyncNosHelper;
			productReference = D846980B2EC0BFDC00512670 /* SyncNosHelper.app */;
			productType = "com.apple.product-type.application";
		};
		D8CE88D92E713DB50025AD6E /* SyncNos */ = {
			isa = PBXNativeTarget;
			buildConfigurationList = D8CE88E32E713DB60025AD6E /* Build configuration list for PBXNativeTarget "SyncNos" */;
			buildPhases = (
				D8CE88D62E713DB50025AD6E /* Sources */,
				D8CE88D72E713DB50025AD6E /* Frameworks */,
				D8CE88D82E713DB50025AD6E /* Resources */,
				D84699432EC0C2E700512670 /* CopyFiles */,
			);
			buildRules = (
			);
			dependencies = (
			);
			fileSystemSynchronizedGroups = (
				D855CBA82E7D52B10019C4A0 /* Resource */,
				D8CE88DB2E713DB50025AD6E /* SyncNos */,
			);
			name = SyncNos;
			packageProductDependencies = (
			);
			productName = SyncNos;
			productReference = D8CE88DA2E713DB50025AD6E /* SyncNos.app */;
			productType = "com.apple.product-type.application";
		};
/* End PBXNativeTarget section */

/* Begin PBXProject section */
		D81167B42E70A13F000D0173 /* Project object */ = {
			isa = PBXProject;
			attributes = {
				BuildIndependentTargetsInParallel = 1;
				LastSwiftUpdateCheck = 2600;
				LastUpgradeCheck = 2600;
				TargetAttributes = {
					D846980A2EC0BFDC00512670 = {
						CreatedOnToolsVersion = 26.0;
					};
					D8CE88D92E713DB50025AD6E = {
						CreatedOnToolsVersion = 16.3;
					};
				};
			};
			buildConfigurationList = D81167B72E70A13F000D0173 /* Build configuration list for PBXProject "SyncNos" */;
			developmentRegion = en;
			hasScannedForEncodings = 0;
			knownRegions = (
				en,
				Base,
				"zh-Hans",
				fr,
				de,
				ja,
				ko,
				"pt-BR",
				ru,
				"es-ES",
			);
			mainGroup = D81167B32E70A13F000D0173;
			minimizedProjectReferenceProxies = 1;
			preferredProjectObjectVersion = 77;
			productRefGroup = D81167BD2E70A140000D0173 /* Products */;
			projectDirPath = "";
			projectRoot = "";
			targets = (
				D8CE88D92E713DB50025AD6E /* SyncNos */,
				D846980A2EC0BFDC00512670 /* SyncNosHelper */,
			);
		};
/* End PBXProject section */

/* Begin PBXResourcesBuildPhase section */
		D84698092EC0BFDC00512670 /* Resources */ = {
			isa = PBXResourcesBuildPhase;
			buildActionMask = 2147483647;
			files = (
			);
			runOnlyForDeploymentPostprocessing = 0;
		};
		D8CE88D82E713DB50025AD6E /* Resources */ = {
			isa = PBXResourcesBuildPhase;
			buildActionMask = 2147483647;
			files = (
				D8CCCCA62E72DB5E00ED8EFA /* README.md in Resources */,
				D8529F712E7354B200FE0D95 /* LICENSE in Resources */,
			);
			runOnlyForDeploymentPostprocessing = 0;
		};
/* End PBXResourcesBuildPhase section */

/* Begin PBXSourcesBuildPhase section */
		D84698072EC0BFDC00512670 /* Sources */ = {
			isa = PBXSourcesBuildPhase;
			buildActionMask = 2147483647;
			files = (
			);
			runOnlyForDeploymentPostprocessing = 0;
		};
		D8CE88D62E713DB50025AD6E /* Sources */ = {
			isa = PBXSourcesBuildPhase;
			buildActionMask = 2147483647;
			files = (
			);
			runOnlyForDeploymentPostprocessing = 0;
		};
/* End PBXSourcesBuildPhase section */

/* Begin XCBuildConfiguration section */
		D81167C12E70A140000D0173 /* Debug */ = {
			isa = XCBuildConfiguration;
			buildSettings = {
				ALWAYS_SEARCH_USER_PATHS = NO;
				ASSETCATALOG_COMPILER_GENERATE_SWIFT_ASSET_SYMBOL_EXTENSIONS = YES;
				CLANG_ANALYZER_LOCALIZABILITY_NONLOCALIZED = YES;
				CLANG_ANALYZER_NONNULL = YES;
				CLANG_ANALYZER_NUMBER_OBJECT_CONVERSION = YES_AGGRESSIVE;
				CLANG_CXX_LANGUAGE_STANDARD = "gnu++20";
				CLANG_ENABLE_MODULES = YES;
				CLANG_ENABLE_OBJC_ARC = YES;
				CLANG_ENABLE_OBJC_WEAK = YES;
				CLANG_WARN_BLOCK_CAPTURE_AUTORELEASING = YES;
				CLANG_WARN_BOOL_CONVERSION = YES;
				CLANG_WARN_COMMA = YES;
				CLANG_WARN_CONSTANT_CONVERSION = YES;
				CLANG_WARN_DEPRECATED_OBJC_IMPLEMENTATIONS = YES;
				CLANG_WARN_DIRECT_OBJC_ISA_USAGE = YES_ERROR;
				CLANG_WARN_DOCUMENTATION_COMMENTS = YES;
				CLANG_WARN_EMPTY_BODY = YES;
				CLANG_WARN_ENUM_CONVERSION = YES;
				CLANG_WARN_INFINITE_RECURSION = YES;
				CLANG_WARN_INT_CONVERSION = YES;
				CLANG_WARN_NON_LITERAL_NULL_CONVERSION = YES;
				CLANG_WARN_OBJC_IMPLICIT_RETAIN_SELF = YES;
				CLANG_WARN_OBJC_LITERAL_CONVERSION = YES;
				CLANG_WARN_OBJC_ROOT_CLASS = YES_ERROR;
				CLANG_WARN_QUOTED_INCLUDE_IN_FRAMEWORK_HEADER = YES;
				CLANG_WARN_RANGE_LOOP_ANALYSIS = YES;
				CLANG_WARN_STRICT_PROTOTYPES = YES;
				CLANG_WARN_SUSPICIOUS_MOVE = YES;
				CLANG_WARN_UNGUARDED_AVAILABILITY = YES_AGGRESSIVE;
				CLANG_WARN_UNREACHABLE_CODE = YES;
				CLANG_WARN__DUPLICATE_METHOD_MATCH = YES;
				COPY_PHASE_STRIP = NO;
				DEAD_CODE_STRIPPING = YES;
				DEBUG_INFORMATION_FORMAT = dwarf;
				DEVELOPMENT_TEAM = RDQHYSDFFG;
				ENABLE_STRICT_OBJC_MSGSEND = YES;
				ENABLE_TESTABILITY = YES;
				ENABLE_USER_SCRIPT_SANDBOXING = YES;
				GCC_C_LANGUAGE_STANDARD = gnu17;
				GCC_DYNAMIC_NO_PIC = NO;
				GCC_NO_COMMON_BLOCKS = YES;
				GCC_OPTIMIZATION_LEVEL = 0;
				GCC_PREPROCESSOR_DEFINITIONS = (
					"DEBUG=1",
					"$(inherited)",
				);
				GCC_WARN_64_TO_32_BIT_CONVERSION = YES;
				GCC_WARN_ABOUT_RETURN_TYPE = YES_ERROR;
				GCC_WARN_UNDECLARED_SELECTOR = YES;
				GCC_WARN_UNINITIALIZED_AUTOS = YES_AGGRESSIVE;
				GCC_WARN_UNUSED_FUNCTION = YES;
				GCC_WARN_UNUSED_VARIABLE = YES;
				LOCALIZATION_PREFERS_STRING_CATALOGS = YES;
				MACOSX_DEPLOYMENT_TARGET = 15.4;
				MTL_ENABLE_DEBUG_INFO = INCLUDE_SOURCE;
				MTL_FAST_MATH = YES;
				ONLY_ACTIVE_ARCH = YES;
				SDKROOT = macosx;
				STRING_CATALOG_GENERATE_SYMBOLS = YES;
				SWIFT_ACTIVE_COMPILATION_CONDITIONS = "DEBUG $(inherited)";
				SWIFT_EMIT_LOC_STRINGS = YES;
				SWIFT_OPTIMIZATION_LEVEL = "-Onone";
			};
			name = Debug;
		};
		D81167C22E70A140000D0173 /* Release */ = {
			isa = XCBuildConfiguration;
			buildSettings = {
				ALWAYS_SEARCH_USER_PATHS = NO;
				ASSETCATALOG_COMPILER_GENERATE_SWIFT_ASSET_SYMBOL_EXTENSIONS = YES;
				CLANG_ANALYZER_LOCALIZABILITY_NONLOCALIZED = YES;
				CLANG_ANALYZER_NONNULL = YES;
				CLANG_ANALYZER_NUMBER_OBJECT_CONVERSION = YES_AGGRESSIVE;
				CLANG_CXX_LANGUAGE_STANDARD = "gnu++20";
				CLANG_ENABLE_MODULES = YES;
				CLANG_ENABLE_OBJC_ARC = YES;
				CLANG_ENABLE_OBJC_WEAK = YES;
				CLANG_WARN_BLOCK_CAPTURE_AUTORELEASING = YES;
				CLANG_WARN_BOOL_CONVERSION = YES;
				CLANG_WARN_COMMA = YES;
				CLANG_WARN_CONSTANT_CONVERSION = YES;
				CLANG_WARN_DEPRECATED_OBJC_IMPLEMENTATIONS = YES;
				CLANG_WARN_DIRECT_OBJC_ISA_USAGE = YES_ERROR;
				CLANG_WARN_DOCUMENTATION_COMMENTS = YES;
				CLANG_WARN_EMPTY_BODY = YES;
				CLANG_WARN_ENUM_CONVERSION = YES;
				CLANG_WARN_INFINITE_RECURSION = YES;
				CLANG_WARN_INT_CONVERSION = YES;
				CLANG_WARN_NON_LITERAL_NULL_CONVERSION = YES;
				CLANG_WARN_OBJC_IMPLICIT_RETAIN_SELF = YES;
				CLANG_WARN_OBJC_LITERAL_CONVERSION = YES;
				CLANG_WARN_OBJC_ROOT_CLASS = YES_ERROR;
				CLANG_WARN_QUOTED_INCLUDE_IN_FRAMEWORK_HEADER = YES;
				CLANG_WARN_RANGE_LOOP_ANALYSIS = YES;
				CLANG_WARN_STRICT_PROTOTYPES = YES;
				CLANG_WARN_SUSPICIOUS_MOVE = YES;
				CLANG_WARN_UNGUARDED_AVAILABILITY = YES_AGGRESSIVE;
				CLANG_WARN_UNREACHABLE_CODE = YES;
				CLANG_WARN__DUPLICATE_METHOD_MATCH = YES;
				COPY_PHASE_STRIP = NO;
				DEAD_CODE_STRIPPING = YES;
				DEBUG_INFORMATION_FORMAT = "dwarf-with-dsym";
				DEVELOPMENT_TEAM = RDQHYSDFFG;
				ENABLE_NS_ASSERTIONS = NO;
				ENABLE_STRICT_OBJC_MSGSEND = YES;
				ENABLE_USER_SCRIPT_SANDBOXING = YES;
				GCC_C_LANGUAGE_STANDARD = gnu17;
				GCC_NO_COMMON_BLOCKS = YES;
				GCC_WARN_64_TO_32_BIT_CONVERSION = YES;
				GCC_WARN_ABOUT_RETURN_TYPE = YES_ERROR;
				GCC_WARN_UNDECLARED_SELECTOR = YES;
				GCC_WARN_UNINITIALIZED_AUTOS = YES_AGGRESSIVE;
				GCC_WARN_UNUSED_FUNCTION = YES;
				GCC_WARN_UNUSED_VARIABLE = YES;
				LOCALIZATION_PREFERS_STRING_CATALOGS = YES;
				MACOSX_DEPLOYMENT_TARGET = 15.4;
				MTL_ENABLE_DEBUG_INFO = NO;
				MTL_FAST_MATH = YES;
				SDKROOT = macosx;
				STRING_CATALOG_GENERATE_SYMBOLS = YES;
				SWIFT_COMPILATION_MODE = wholemodule;
				SWIFT_EMIT_LOC_STRINGS = YES;
			};
			name = Release;
		};
		D84698132EC0BFDD00512670 /* Debug */ = {
			isa = XCBuildConfiguration;
			buildSettings = {
				ASSETCATALOG_COMPILER_APPICON_NAME = AppIcon;
				ASSETCATALOG_COMPILER_GLOBAL_ACCENT_COLOR_NAME = AccentColor;
				CODE_SIGN_ENTITLEMENTS = SyncNosHelper/SyncNosHelper.entitlements;
				CODE_SIGN_STYLE = Automatic;
				COMBINE_HIDPI_IMAGES = YES;
				CURRENT_PROJECT_VERSION = 1;
				DEVELOPMENT_TEAM = RDQHYSDFFG;
				ENABLE_APP_SANDBOX = YES;
				ENABLE_HARDENED_RUNTIME = YES;
				ENABLE_INCOMING_NETWORK_CONNECTIONS = NO;
				ENABLE_OUTGOING_NETWORK_CONNECTIONS = YES;
				ENABLE_PREVIEWS = YES;
				ENABLE_RESOURCE_ACCESS_AUDIO_INPUT = NO;
				ENABLE_RESOURCE_ACCESS_BLUETOOTH = NO;
				ENABLE_RESOURCE_ACCESS_CALENDARS = NO;
				ENABLE_RESOURCE_ACCESS_CAMERA = NO;
				ENABLE_RESOURCE_ACCESS_CONTACTS = NO;
				ENABLE_RESOURCE_ACCESS_LOCATION = NO;
				ENABLE_RESOURCE_ACCESS_PRINTING = NO;
				ENABLE_RESOURCE_ACCESS_USB = NO;
				ENABLE_USER_SELECTED_FILES = readonly;
				GENERATE_INFOPLIST_FILE = YES;
				INFOPLIST_KEY_LSUIElement = YES;
				INFOPLIST_KEY_NSHumanReadableCopyright = "";
				LD_RUNPATH_SEARCH_PATHS = (
					"$(inherited)",
					"@executable_path/../Frameworks",
				);
				MACOSX_DEPLOYMENT_TARGET = 26.0;
				MARKETING_VERSION = 1.0;
				PRODUCT_BUNDLE_IDENTIFIER = com.chiimagnus.macOS.SyncNosHelper;
				PRODUCT_NAME = "$(TARGET_NAME)";
				REGISTER_APP_GROUPS = YES;
				STRING_CATALOG_GENERATE_SYMBOLS = YES;
				SWIFT_APPROACHABLE_CONCURRENCY = YES;
				SWIFT_DEFAULT_ACTOR_ISOLATION = MainActor;
				SWIFT_EMIT_LOC_STRINGS = YES;
				SWIFT_UPCOMING_FEATURE_MEMBER_IMPORT_VISIBILITY = YES;
				SWIFT_VERSION = 5.0;
			};
			name = Debug;
		};
		D84698142EC0BFDD00512670 /* Release */ = {
			isa = XCBuildConfiguration;
			buildSettings = {
				ASSETCATALOG_COMPILER_APPICON_NAME = AppIcon;
				ASSETCATALOG_COMPILER_GLOBAL_ACCENT_COLOR_NAME = AccentColor;
				CODE_SIGN_ENTITLEMENTS = SyncNosHelper/SyncNosHelper.entitlements;
				CODE_SIGN_STYLE = Automatic;
				COMBINE_HIDPI_IMAGES = YES;
				CURRENT_PROJECT_VERSION = 1;
				DEVELOPMENT_TEAM = RDQHYSDFFG;
				ENABLE_APP_SANDBOX = YES;
				ENABLE_HARDENED_RUNTIME = YES;
				ENABLE_INCOMING_NETWORK_CONNECTIONS = NO;
				ENABLE_OUTGOING_NETWORK_CONNECTIONS = YES;
				ENABLE_PREVIEWS = YES;
				ENABLE_RESOURCE_ACCESS_AUDIO_INPUT = NO;
				ENABLE_RESOURCE_ACCESS_BLUETOOTH = NO;
				ENABLE_RESOURCE_ACCESS_CALENDARS = NO;
				ENABLE_RESOURCE_ACCESS_CAMERA = NO;
				ENABLE_RESOURCE_ACCESS_CONTACTS = NO;
				ENABLE_RESOURCE_ACCESS_LOCATION = NO;
				ENABLE_RESOURCE_ACCESS_PRINTING = NO;
				ENABLE_RESOURCE_ACCESS_USB = NO;
				ENABLE_USER_SELECTED_FILES = readonly;
				GENERATE_INFOPLIST_FILE = YES;
				INFOPLIST_KEY_LSUIElement = YES;
				INFOPLIST_KEY_NSHumanReadableCopyright = "";
				LD_RUNPATH_SEARCH_PATHS = (
					"$(inherited)",
					"@executable_path/../Frameworks",
				);
				MACOSX_DEPLOYMENT_TARGET = 26.0;
				MARKETING_VERSION = 1.0;
				PRODUCT_BUNDLE_IDENTIFIER = com.chiimagnus.macOS.SyncNosHelper;
				PRODUCT_NAME = "$(TARGET_NAME)";
				REGISTER_APP_GROUPS = YES;
				STRING_CATALOG_GENERATE_SYMBOLS = YES;
				SWIFT_APPROACHABLE_CONCURRENCY = YES;
				SWIFT_DEFAULT_ACTOR_ISOLATION = MainActor;
				SWIFT_EMIT_LOC_STRINGS = YES;
				SWIFT_UPCOMING_FEATURE_MEMBER_IMPORT_VISIBILITY = YES;
				SWIFT_VERSION = 5.0;
			};
			name = Release;
		};
		D8CE88E42E713DB60025AD6E /* Debug */ = {
			isa = XCBuildConfiguration;
			buildSettings = {
				ASSETCATALOG_COMPILER_APPICON_NAME = AppIcon;
				ASSETCATALOG_COMPILER_GLOBAL_ACCENT_COLOR_NAME = AccentColor;
				ASSETCATALOG_COMPILER_INCLUDE_ALL_APPICON_ASSETS = YES;
				CODE_SIGN_ENTITLEMENTS = SyncNos/SyncNos.entitlements;
				"CODE_SIGN_IDENTITY[sdk=macosx*]" = "Apple Development";
				CODE_SIGN_STYLE = Automatic;
				COMBINE_HIDPI_IMAGES = YES;
				CURRENT_PROJECT_VERSION = 14;
				DEAD_CODE_STRIPPING = YES;
				DEVELOPMENT_TEAM = RDQHYSDFFG;
				ENABLE_APP_SANDBOX = YES;
				ENABLE_HARDENED_RUNTIME = YES;
				ENABLE_OUTGOING_NETWORK_CONNECTIONS = YES;
				ENABLE_PREVIEWS = YES;
				ENABLE_USER_SELECTED_FILES = readonly;
				GENERATE_INFOPLIST_FILE = YES;
				INFOPLIST_KEY_CFBundleDisplayName = SyncNos;
				INFOPLIST_KEY_LSApplicationCategoryType = "public.app-category.utilities";
				INFOPLIST_KEY_NSHumanReadableCopyright = "";
				LD_RUNPATH_SEARCH_PATHS = (
					"$(inherited)",
					"@executable_path/../Frameworks",
				);
				MACOSX_DEPLOYMENT_TARGET = 13;
				MARKETING_VERSION = 0.5.10;
				PRODUCT_BUNDLE_IDENTIFIER = com.chiimagnus.macOS;
				PRODUCT_NAME = "$(TARGET_NAME)";
				REGISTER_APP_GROUPS = YES;
				SWIFT_EMIT_LOC_STRINGS = YES;
				SWIFT_VERSION = 5.0;
			};
			name = Debug;
		};
		D8CE88E52E713DB60025AD6E /* Release */ = {
			isa = XCBuildConfiguration;
			buildSettings = {
				ASSETCATALOG_COMPILER_APPICON_NAME = AppIcon;
				ASSETCATALOG_COMPILER_GLOBAL_ACCENT_COLOR_NAME = AccentColor;
				ASSETCATALOG_COMPILER_INCLUDE_ALL_APPICON_ASSETS = YES;
				CODE_SIGN_ENTITLEMENTS = SyncNos/SyncNos.entitlements;
				"CODE_SIGN_IDENTITY[sdk=macosx*]" = "Apple Development";
				CODE_SIGN_STYLE = Automatic;
				COMBINE_HIDPI_IMAGES = YES;
				CURRENT_PROJECT_VERSION = 14;
				DEAD_CODE_STRIPPING = YES;
				DEVELOPMENT_TEAM = RDQHYSDFFG;
				ENABLE_APP_SANDBOX = YES;
				ENABLE_HARDENED_RUNTIME = YES;
				ENABLE_OUTGOING_NETWORK_CONNECTIONS = YES;
				ENABLE_PREVIEWS = YES;
				ENABLE_USER_SELECTED_FILES = readonly;
				GENERATE_INFOPLIST_FILE = YES;
				INFOPLIST_KEY_CFBundleDisplayName = SyncNos;
				INFOPLIST_KEY_LSApplicationCategoryType = "public.app-category.utilities";
				INFOPLIST_KEY_NSHumanReadableCopyright = "";
				LD_RUNPATH_SEARCH_PATHS = (
					"$(inherited)",
					"@executable_path/../Frameworks",
				);
				MACOSX_DEPLOYMENT_TARGET = 13;
				MARKETING_VERSION = 0.5.10;
				PRODUCT_BUNDLE_IDENTIFIER = com.chiimagnus.macOS;
				PRODUCT_NAME = "$(TARGET_NAME)";
				REGISTER_APP_GROUPS = YES;
				SWIFT_EMIT_LOC_STRINGS = YES;
				SWIFT_VERSION = 5.0;
			};
			name = Release;
		};
/* End XCBuildConfiguration section */

/* Begin XCConfigurationList section */
		D81167B72E70A13F000D0173 /* Build configuration list for PBXProject "SyncNos" */ = {
			isa = XCConfigurationList;
			buildConfigurations = (
				D81167C12E70A140000D0173 /* Debug */,
				D81167C22E70A140000D0173 /* Release */,
			);
			defaultConfigurationIsVisible = 0;
			defaultConfigurationName = Release;
		};
		D84698152EC0BFDD00512670 /* Build configuration list for PBXNativeTarget "SyncNosHelper" */ = {
			isa = XCConfigurationList;
			buildConfigurations = (
				D84698132EC0BFDD00512670 /* Debug */,
				D84698142EC0BFDD00512670 /* Release */,
			);
			defaultConfigurationIsVisible = 0;
			defaultConfigurationName = Release;
		};
		D8CE88E32E713DB60025AD6E /* Build configuration list for PBXNativeTarget "SyncNos" */ = {
			isa = XCConfigurationList;
			buildConfigurations = (
				D8CE88E42E713DB60025AD6E /* Debug */,
				D8CE88E52E713DB60025AD6E /* Release */,
			);
			defaultConfigurationIsVisible = 0;
			defaultConfigurationName = Release;
		};
/* End XCConfigurationList section */
	};
	rootObject = D81167B42E70A13F000D0173 /* Project object */;
}
