// !$*UTF8*$!
{
	archiveVersion = 1;
	classes = {
	};
	objectVersion = 110;
	objects = {

/* Begin PBXBuildFile section */
		D8EA627230284C2D0017CAAA /* AppDelegate.swift in Sources */ = {isa = PBXBuildFile; fileRef = D8EA627130284C2D0017CAAA /* AppDelegate.swift */; };
		D8EA627430284C2D0017CAAA /* SceneDelegate.swift in Sources */ = {isa = PBXBuildFile; fileRef = D8EA627330284C2D0017CAAA /* SceneDelegate.swift */; };
		D8EA627730284C2D0017CAAA /* LaunchScreen.storyboard in Resources */ = {isa = PBXBuildFile; fileRef = D8EA627530284C2D0017CAAA /* LaunchScreen.storyboard */; };
		D8EA627A30284C2D0017CAAA /* Main.storyboard in Resources */ = {isa = PBXBuildFile; fileRef = D8EA627830284C2D0017CAAA /* Main.storyboard */; };
		D8EA628330284C2D0017CAAA /* AppDelegate.swift in Sources */ = {isa = PBXBuildFile; fileRef = D8EA628230284C2D0017CAAA /* AppDelegate.swift */; };
		D8EA628630284C2D0017CAAA /* Main.storyboard in Resources */ = {isa = PBXBuildFile; fileRef = D8EA628430284C2D0017CAAA /* Main.storyboard */; };
		D8EA628D30284C2D0017CAAA /* SyncNos Extension.appex in Embed Foundation Extensions */ = {isa = PBXBuildFile; fileRef = D8EA628C30284C2D0017CAAA /* SyncNos Extension.appex */; settings = {ATTRIBUTES = (RemoveHeadersOnCopy, ); }; };
		D8EA629730284C2D0017CAAA /* SyncNos Extension.appex in Embed Foundation Extensions */ = {isa = PBXBuildFile; fileRef = D8EA629630284C2D0017CAAA /* SyncNos Extension.appex */; settings = {ATTRIBUTES = (RemoveHeadersOnCopy, ); }; };
		D8EA629C30284C2D0017CAAA /* Main.html in Resources */ = {isa = PBXBuildFile; fileRef = D8EA626130284C2C0017CAAA /* Main.html */; };
		D8EA629D30284C2D0017CAAA /* Main.html in Resources */ = {isa = PBXBuildFile; fileRef = D8EA626130284C2C0017CAAA /* Main.html */; };
		D8EA629E30284C2D0017CAAA /* Icon.png in Resources */ = {isa = PBXBuildFile; fileRef = D8EA626330284C2C0017CAAA /* Icon.png */; };
		D8EA629F30284C2D0017CAAA /* Icon.png in Resources */ = {isa = PBXBuildFile; fileRef = D8EA626330284C2C0017CAAA /* Icon.png */; };
		D8EA62A030284C2D0017CAAA /* Style.css in Resources */ = {isa = PBXBuildFile; fileRef = D8EA626430284C2C0017CAAA /* Style.css */; };
		D8EA62A130284C2D0017CAAA /* Style.css in Resources */ = {isa = PBXBuildFile; fileRef = D8EA626430284C2C0017CAAA /* Style.css */; };
		D8EA62A230284C2D0017CAAA /* Script.js in Resources */ = {isa = PBXBuildFile; fileRef = D8EA626530284C2C0017CAAA /* Script.js */; };
		D8EA62A330284C2D0017CAAA /* Script.js in Resources */ = {isa = PBXBuildFile; fileRef = D8EA626530284C2C0017CAAA /* Script.js */; };
		D8EA62A430284C2D0017CAAA /* ViewController.swift in Sources */ = {isa = PBXBuildFile; fileRef = D8EA626630284C2C0017CAAA /* ViewController.swift */; };
		D8EA62A530284C2D0017CAAA /* ViewController.swift in Sources */ = {isa = PBXBuildFile; fileRef = D8EA626630284C2C0017CAAA /* ViewController.swift */; };
		D8EA62A630284C2D0017CAAA /* Assets.xcassets in Resources */ = {isa = PBXBuildFile; fileRef = D8EA626730284C2D0017CAAA /* Assets.xcassets */; };
		D8EA62A730284C2D0017CAAA /* Assets.xcassets in Resources */ = {isa = PBXBuildFile; fileRef = D8EA626730284C2D0017CAAA /* Assets.xcassets */; };
		D8EA62A830284C2D0017CAAA /* SafariWebExtensionHandler.swift in Sources */ = {isa = PBXBuildFile; fileRef = D8EA626930284C2D0017CAAA /* SafariWebExtensionHandler.swift */; };
		D8EA62A930284C2D0017CAAA /* SafariWebExtensionHandler.swift in Sources */ = {isa = PBXBuildFile; fileRef = D8EA626930284C2D0017CAAA /* SafariWebExtensionHandler.swift */; };
		D8EA62C530284C2D0017CAAA /* background.js in Resources */ = {isa = PBXBuildFile; fileRef = D8EA62BB30284C2D0017CAAA /* background.js */; };
		D8EA62C630284C2D0017CAAA /* popup.html in Resources */ = {isa = PBXBuildFile; fileRef = D8EA62BC30284C2D0017CAAA /* popup.html */; };
		D8EA62C730284C2D0017CAAA /* chunks in Resources */ = {isa = PBXBuildFile; fileRef = D8EA62BD30284C2D0017CAAA /* chunks */; };
		D8EA62C830284C2D0017CAAA /* content-scripts in Resources */ = {isa = PBXBuildFile; fileRef = D8EA62BE30284C2D0017CAAA /* content-scripts */; };
		D8EA62C930284C2D0017CAAA /* icons in Resources */ = {isa = PBXBuildFile; fileRef = D8EA62BF30284C2D0017CAAA /* icons */; };
		D8EA62CA30284C2D0017CAAA /* manifest.json in Resources */ = {isa = PBXBuildFile; fileRef = D8EA62C030284C2D0017CAAA /* manifest.json */; };
		D8EA62CB30284C2D0017CAAA /* _locales in Resources */ = {isa = PBXBuildFile; fileRef = D8EA62C130284C2D0017CAAA /* _locales */; };
		D8EA62CC30284C2D0017CAAA /* app.html in Resources */ = {isa = PBXBuildFile; fileRef = D8EA62C230284C2D0017CAAA /* app.html */; };
		D8EA62CD30284C2D0017CAAA /* assets in Resources */ = {isa = PBXBuildFile; fileRef = D8EA62C330284C2D0017CAAA /* assets */; };
		D8EA62CE30284C2D0017CAAA /* src in Resources */ = {isa = PBXBuildFile; fileRef = D8EA62C430284C2D0017CAAA /* src */; };
		D8EA62CF30284C2D0017CAAA /* background.js in Resources */ = {isa = PBXBuildFile; fileRef = D8EA62BB30284C2D0017CAAA /* background.js */; };
		D8EA62D030284C2D0017CAAA /* popup.html in Resources */ = {isa = PBXBuildFile; fileRef = D8EA62BC30284C2D0017CAAA /* popup.html */; };
		D8EA62D130284C2D0017CAAA /* chunks in Resources */ = {isa = PBXBuildFile; fileRef = D8EA62BD30284C2D0017CAAA /* chunks */; };
		D8EA62D230284C2D0017CAAA /* content-scripts in Resources */ = {isa = PBXBuildFile; fileRef = D8EA62BE30284C2D0017CAAA /* content-scripts */; };
		D8EA62D330284C2D0017CAAA /* icons in Resources */ = {isa = PBXBuildFile; fileRef = D8EA62BF30284C2D0017CAAA /* icons */; };
		D8EA62D430284C2D0017CAAA /* manifest.json in Resources */ = {isa = PBXBuildFile; fileRef = D8EA62C030284C2D0017CAAA /* manifest.json */; };
		D8EA62D530284C2D0017CAAA /* _locales in Resources */ = {isa = PBXBuildFile; fileRef = D8EA62C130284C2D0017CAAA /* _locales */; };
		D8EA62D630284C2D0017CAAA /* app.html in Resources */ = {isa = PBXBuildFile; fileRef = D8EA62C230284C2D0017CAAA /* app.html */; };
		D8EA62D730284C2D0017CAAA /* assets in Resources */ = {isa = PBXBuildFile; fileRef = D8EA62C330284C2D0017CAAA /* assets */; };
		D8EA62D830284C2D0017CAAA /* src in Resources */ = {isa = PBXBuildFile; fileRef = D8EA62C430284C2D0017CAAA /* src */; };
/* End PBXBuildFile section */

/* Begin PBXContainerItemProxy section */
		D8EA628E30284C2D0017CAAA /* PBXContainerItemProxy */ = {
			isa = PBXContainerItemProxy;
			containerPortal = D8EA625B30284C2B0017CAAA /* Project object */;
			proxyType = 1;
			remoteGlobalIDString = D8EA628B30284C2D0017CAAA;
			remoteInfo = "SyncNos Extension (iOS)";
		};
		D8EA629830284C2D0017CAAA /* PBXContainerItemProxy */ = {
			isa = PBXContainerItemProxy;
			containerPortal = D8EA625B30284C2B0017CAAA /* Project object */;
			proxyType = 1;
			remoteGlobalIDString = D8EA629530284C2D0017CAAA;
			remoteInfo = "SyncNos Extension (macOS)";
		};
/* End PBXContainerItemProxy section */

/* Begin PBXCopyFilesBuildPhase section */
		D8EA62AF30284C2D0017CAAA /* Embed Foundation Extensions */ = {
			isa = PBXCopyFilesBuildPhase;
			dstPath = "";
			dstSubfolder = PlugIns;
			files = (
				D8EA628D30284C2D0017CAAA /* SyncNos Extension.appex in Embed Foundation Extensions */,
			);
			name = "Embed Foundation Extensions";
		};
		D8EA62B630284C2D0017CAAA /* Embed Foundation Extensions */ = {
			isa = PBXCopyFilesBuildPhase;
			dstPath = "";
			dstSubfolder = PlugIns;
			files = (
				D8EA629730284C2D0017CAAA /* SyncNos Extension.appex in Embed Foundation Extensions */,
			);
			name = "Embed Foundation Extensions";
		};
/* End PBXCopyFilesBuildPhase section */

/* Begin PBXFileReference section */
		D8EA626230284C2C0017CAAA /* Base */ = {isa = PBXFileReference; lastKnownFileType = text.html; name = Base; path = Base.lproj/Main.html; sourceTree = "<group>"; };
		D8EA626330284C2C0017CAAA /* Icon.png */ = {isa = PBXFileReference; lastKnownFileType = image.png; path = Icon.png; sourceTree = "<group>"; };
		D8EA626430284C2C0017CAAA /* Style.css */ = {isa = PBXFileReference; lastKnownFileType = text.css; path = Style.css; sourceTree = "<group>"; };
		D8EA626530284C2C0017CAAA /* Script.js */ = {isa = PBXFileReference; lastKnownFileType = sourcecode.javascript; path = Script.js; sourceTree = "<group>"; };
		D8EA626630284C2C0017CAAA /* ViewController.swift */ = {isa = PBXFileReference; lastKnownFileType = sourcecode.swift; path = ViewController.swift; sourceTree = "<group>"; };
		D8EA626730284C2D0017CAAA /* Assets.xcassets */ = {isa = PBXFileReference; lastKnownFileType = folder.assetcatalog; path = Assets.xcassets; sourceTree = "<group>"; };
		D8EA626930284C2D0017CAAA /* SafariWebExtensionHandler.swift */ = {isa = PBXFileReference; lastKnownFileType = sourcecode.swift; path = SafariWebExtensionHandler.swift; sourceTree = "<group>"; };
		D8EA626E30284C2D0017CAAA /* SyncNos.app */ = {isa = PBXFileReference; explicitFileType = wrapper.application; includeInIndex = 0; path = SyncNos.app; sourceTree = BUILT_PRODUCTS_DIR; };
		D8EA627130284C2D0017CAAA /* AppDelegate.swift */ = {isa = PBXFileReference; lastKnownFileType = sourcecode.swift; path = AppDelegate.swift; sourceTree = "<group>"; };
		D8EA627330284C2D0017CAAA /* SceneDelegate.swift */ = {isa = PBXFileReference; lastKnownFileType = sourcecode.swift; path = SceneDelegate.swift; sourceTree = "<group>"; };
		D8EA627630284C2D0017CAAA /* Base */ = {isa = PBXFileReference; lastKnownFileType = file.storyboard; name = Base; path = Base.lproj/LaunchScreen.storyboard; sourceTree = "<group>"; };
		D8EA627930284C2D0017CAAA /* Base */ = {isa = PBXFileReference; lastKnownFileType = file.storyboard; name = Base; path = Base.lproj/Main.storyboard; sourceTree = "<group>"; };
		D8EA627B30284C2D0017CAAA /* Info.plist */ = {isa = PBXFileReference; lastKnownFileType = text.plist.xml; path = Info.plist; sourceTree = "<group>"; };
		D8EA628030284C2D0017CAAA /* SyncNos.app */ = {isa = PBXFileReference; explicitFileType = wrapper.application; includeInIndex = 0; path = SyncNos.app; sourceTree = BUILT_PRODUCTS_DIR; };
		D8EA628230284C2D0017CAAA /* AppDelegate.swift */ = {isa = PBXFileReference; lastKnownFileType = sourcecode.swift; path = AppDelegate.swift; sourceTree = "<group>"; };
		D8EA628530284C2D0017CAAA /* Base */ = {isa = PBXFileReference; lastKnownFileType = file.storyboard; name = Base; path = Base.lproj/Main.storyboard; sourceTree = "<group>"; };
		D8EA628730284C2D0017CAAA /* Info.plist */ = {isa = PBXFileReference; lastKnownFileType = text.plist.xml; path = Info.plist; sourceTree = "<group>"; };
		D8EA628C30284C2D0017CAAA /* SyncNos Extension.appex */ = {isa = PBXFileReference; explicitFileType = "wrapper.app-extension"; includeInIndex = 0; path = "SyncNos Extension.appex"; sourceTree = BUILT_PRODUCTS_DIR; };
		D8EA629130284C2D0017CAAA /* Info.plist */ = {isa = PBXFileReference; lastKnownFileType = text.plist.xml; path = Info.plist; sourceTree = "<group>"; };
		D8EA629630284C2D0017CAAA /* SyncNos Extension.appex */ = {isa = PBXFileReference; explicitFileType = "wrapper.app-extension"; includeInIndex = 0; path = "SyncNos Extension.appex"; sourceTree = BUILT_PRODUCTS_DIR; };
		D8EA629B30284C2D0017CAAA /* Info.plist */ = {isa = PBXFileReference; lastKnownFileType = text.plist.xml; path = Info.plist; sourceTree = "<group>"; };
		D8EA62BB30284C2D0017CAAA /* background.js */ = {isa = PBXFileReference; lastKnownFileType = sourcecode.javascript; name = background.js; path = Resources/background.js; sourceTree = "<group>"; };
		D8EA62BC30284C2D0017CAAA /* popup.html */ = {isa = PBXFileReference; lastKnownFileType = text.html; name = popup.html; path = Resources/popup.html; sourceTree = "<group>"; };
		D8EA62BD30284C2D0017CAAA /* chunks */ = {isa = PBXFileReference; lastKnownFileType = folder; name = chunks; path = Resources/chunks; sourceTree = "<group>"; };
		D8EA62BE30284C2D0017CAAA /* content-scripts */ = {isa = PBXFileReference; lastKnownFileType = folder; name = "content-scripts"; path = "Resources/content-scripts"; sourceTree = "<group>"; };
		D8EA62BF30284C2D0017CAAA /* icons */ = {isa = PBXFileReference; lastKnownFileType = folder; name = icons; path = Resources/icons; sourceTree = "<group>"; };
		D8EA62C030284C2D0017CAAA /* manifest.json */ = {isa = PBXFileReference; lastKnownFileType = text.json; name = manifest.json; path = Resources/manifest.json; sourceTree = "<group>"; };
		D8EA62C130284C2D0017CAAA /* _locales */ = {isa = PBXFileReference; lastKnownFileType = folder; name = _locales; path = Resources/_locales; sourceTree = "<group>"; };
		D8EA62C230284C2D0017CAAA /* app.html */ = {isa = PBXFileReference; lastKnownFileType = text.html; name = app.html; path = Resources/app.html; sourceTree = "<group>"; };
		D8EA62C330284C2D0017CAAA /* assets */ = {isa = PBXFileReference; lastKnownFileType = folder; name = assets; path = Resources/assets; sourceTree = "<group>"; };
		D8EA62C430284C2D0017CAAA /* src */ = {isa = PBXFileReference; lastKnownFileType = folder; name = src; path = Resources/src; sourceTree = "<group>"; };
/* End PBXFileReference section */

/* Begin PBXFrameworksBuildPhase section */
		D8EA626B30284C2D0017CAAA /* Frameworks */ = {
			isa = PBXFrameworksBuildPhase;
			files = (
			);
		};
		D8EA627D30284C2D0017CAAA /* Frameworks */ = {
			isa = PBXFrameworksBuildPhase;
			files = (
			);
		};
		D8EA628930284C2D0017CAAA /* Frameworks */ = {
			isa = PBXFrameworksBuildPhase;
			files = (
			);
		};
		D8EA629330284C2D0017CAAA /* Frameworks */ = {
			isa = PBXFrameworksBuildPhase;
			files = (
			);
		};
/* End PBXFrameworksBuildPhase section */

/* Begin PBXGroup section */
		D8EA625A30284C2B0017CAAA = {
			isa = PBXGroup;
			children = (
				D8EA625F30284C2B0017CAAA /* Shared (App) */,
				D8EA626830284C2D0017CAAA /* Shared (Extension) */,
				D8EA627030284C2D0017CAAA /* iOS (App) */,
				D8EA628130284C2D0017CAAA /* macOS (App) */,
				D8EA629030284C2D0017CAAA /* iOS (Extension) */,
				D8EA629A30284C2D0017CAAA /* macOS (Extension) */,
				D8EA626F30284C2D0017CAAA /* Products */,
			);
			sourceTree = "<group>";
		};
		D8EA625F30284C2B0017CAAA /* Shared (App) */ = {
			isa = PBXGroup;
			children = (
				D8EA626630284C2C0017CAAA /* ViewController.swift */,
				D8EA626730284C2D0017CAAA /* Assets.xcassets */,
				D8EA626030284C2B0017CAAA /* Resources */,
			);
			path = "Shared (App)";
			sourceTree = "<group>";
		};
		D8EA626030284C2B0017CAAA /* Resources */ = {
			isa = PBXGroup;
			children = (
				D8EA626130284C2C0017CAAA /* Main.html */,
				D8EA626330284C2C0017CAAA /* Icon.png */,
				D8EA626430284C2C0017CAAA /* Style.css */,
				D8EA626530284C2C0017CAAA /* Script.js */,
			);
			path = Resources;
			sourceTree = "<group>";
		};
		D8EA626830284C2D0017CAAA /* Shared (Extension) */ = {
			isa = PBXGroup;
			children = (
				D8EA62BA30284C2D0017CAAA /* Resources */,
				D8EA626930284C2D0017CAAA /* SafariWebExtensionHandler.swift */,
			);
			path = "Shared (Extension)";
			sourceTree = "<group>";
		};
		D8EA626F30284C2D0017CAAA /* Products */ = {
			isa = PBXGroup;
			children = (
				D8EA626E30284C2D0017CAAA /* SyncNos.app */,
				D8EA628030284C2D0017CAAA /* SyncNos.app */,
				D8EA628C30284C2D0017CAAA /* SyncNos Extension.appex */,
				D8EA629630284C2D0017CAAA /* SyncNos Extension.appex */,
			);
			name = Products;
			sourceTree = "<group>";
		};
		D8EA627030284C2D0017CAAA /* iOS (App) */ = {
			isa = PBXGroup;
			children = (
				D8EA627130284C2D0017CAAA /* AppDelegate.swift */,
				D8EA627330284C2D0017CAAA /* SceneDelegate.swift */,
				D8EA627530284C2D0017CAAA /* LaunchScreen.storyboard */,
				D8EA627830284C2D0017CAAA /* Main.storyboard */,
				D8EA627B30284C2D0017CAAA /* Info.plist */,
			);
			path = "iOS (App)";
			sourceTree = "<group>";
		};
		D8EA628130284C2D0017CAAA /* macOS (App) */ = {
			isa = PBXGroup;
			children = (
				D8EA628230284C2D0017CAAA /* AppDelegate.swift */,
				D8EA628430284C2D0017CAAA /* Main.storyboard */,
				D8EA628730284C2D0017CAAA /* Info.plist */,
			);
			path = "macOS (App)";
			sourceTree = "<group>";
		};
		D8EA629030284C2D0017CAAA /* iOS (Extension) */ = {
			isa = PBXGroup;
			children = (
				D8EA629130284C2D0017CAAA /* Info.plist */,
			);
			path = "iOS (Extension)";
			sourceTree = "<group>";
		};
		D8EA629A30284C2D0017CAAA /* macOS (Extension) */ = {
			isa = PBXGroup;
			children = (
				D8EA629B30284C2D0017CAAA /* Info.plist */,
			);
			path = "macOS (Extension)";
			sourceTree = "<group>";
		};
		D8EA62BA30284C2D0017CAAA /* Resources */ = {
			isa = PBXGroup;
			children = (
				D8EA62BB30284C2D0017CAAA /* background.js */,
				D8EA62BC30284C2D0017CAAA /* popup.html */,
				D8EA62BD30284C2D0017CAAA /* chunks */,
				D8EA62BE30284C2D0017CAAA /* content-scripts */,
				D8EA62BF30284C2D0017CAAA /* icons */,
				D8EA62C030284C2D0017CAAA /* manifest.json */,
				D8EA62C130284C2D0017CAAA /* _locales */,
				D8EA62C230284C2D0017CAAA /* app.html */,
				D8EA62C330284C2D0017CAAA /* assets */,
				D8EA62C430284C2D0017CAAA /* src */,
			);
			name = Resources;
			path = "Shared (Extension)";
			sourceTree = SOURCE_ROOT;
		};
/* End PBXGroup section */

/* Begin PBXNativeTarget section */
		D8EA626D30284C2D0017CAAA /* SyncNos (iOS) */ = {
			isa = PBXNativeTarget;
			buildConfigurationList = D8EA62B030284C2D0017CAAA /* Build configuration list for PBXNativeTarget "SyncNos (iOS)" */;
			buildPhases = (
				D8EA626A30284C2D0017CAAA /* Sources */,
				D8EA626B30284C2D0017CAAA /* Frameworks */,
				D8EA626C30284C2D0017CAAA /* Resources */,
				D8EA62AF30284C2D0017CAAA /* Embed Foundation Extensions */,
			);
			buildRules = (
			);
			dependencies = (
				D8EA628F30284C2D0017CAAA /* PBXTargetDependency */,
			);
			name = "SyncNos (iOS)";
			productName = "SyncNos (iOS)";
			productReference = D8EA626E30284C2D0017CAAA /* SyncNos.app */;
			productType = "com.apple.product-type.application";
		};
		D8EA627F30284C2D0017CAAA /* SyncNos (macOS) */ = {
			isa = PBXNativeTarget;
			buildConfigurationList = D8EA62B730284C2D0017CAAA /* Build configuration list for PBXNativeTarget "SyncNos (macOS)" */;
			buildPhases = (
				D8EA627C30284C2D0017CAAA /* Sources */,
				D8EA627D30284C2D0017CAAA /* Frameworks */,
				D8EA627E30284C2D0017CAAA /* Resources */,
				D8EA62B630284C2D0017CAAA /* Embed Foundation Extensions */,
			);
			buildRules = (
			);
			dependencies = (
				D8EA629930284C2D0017CAAA /* PBXTargetDependency */,
			);
			name = "SyncNos (macOS)";
			productName = "SyncNos (macOS)";
			productReference = D8EA628030284C2D0017CAAA /* SyncNos.app */;
			productType = "com.apple.product-type.application";
		};
		D8EA628B30284C2D0017CAAA /* SyncNos Extension (iOS) */ = {
			isa = PBXNativeTarget;
			buildConfigurationList = D8EA62AC30284C2D0017CAAA /* Build configuration list for PBXNativeTarget "SyncNos Extension (iOS)" */;
			buildPhases = (
				D8EA628830284C2D0017CAAA /* Sources */,
				D8EA628930284C2D0017CAAA /* Frameworks */,
				D8EA628A30284C2D0017CAAA /* Resources */,
			);
			buildRules = (
			);
			name = "SyncNos Extension (iOS)";
			productName = "SyncNos Extension (iOS)";
			productReference = D8EA628C30284C2D0017CAAA /* SyncNos Extension.appex */;
			productType = "com.apple.product-type.app-extension";
		};
		D8EA629530284C2D0017CAAA /* SyncNos Extension (macOS) */ = {
			isa = PBXNativeTarget;
			buildConfigurationList = D8EA62B330284C2D0017CAAA /* Build configuration list for PBXNativeTarget "SyncNos Extension (macOS)" */;
			buildPhases = (
				D8EA629230284C2D0017CAAA /* Sources */,
				D8EA629330284C2D0017CAAA /* Frameworks */,
				D8EA629430284C2D0017CAAA /* Resources */,
			);
			buildRules = (
			);
			name = "SyncNos Extension (macOS)";
			productName = "SyncNos Extension (macOS)";
			productReference = D8EA629630284C2D0017CAAA /* SyncNos Extension.appex */;
			productType = "com.apple.product-type.app-extension";
		};
/* End PBXNativeTarget section */

/* Begin PBXProject section */
		D8EA625B30284C2B0017CAAA /* Project object */ = {
			isa = PBXProject;
			attributes = {
				BuildIndependentTargetsInParallel = 1;
				LastSwiftUpdateCheck = 2700;
				LastUpgradeCheck = 2700;
				TargetAttributes = {
					D8EA626D30284C2D0017CAAA = {
						CreatedOnToolsVersion = 27.0;
					};
					D8EA627F30284C2D0017CAAA = {
						CreatedOnToolsVersion = 27.0;
					};
					D8EA628B30284C2D0017CAAA = {
						CreatedOnToolsVersion = 27.0;
					};
					D8EA629530284C2D0017CAAA = {
						CreatedOnToolsVersion = 27.0;
					};
				};
			};
			buildConfigurationList = D8EA625E30284C2B0017CAAA /* Build configuration list for PBXProject "SyncNos" */;
			developmentRegion = en;
			hasScannedForEncodings = 0;
			knownRegions = (
				en,
				Base,
			);
			mainGroup = D8EA625A30284C2B0017CAAA;
			minimizedProjectReferenceProxies = 1;
			preferredProjectObjectVersion = 77;
			productRefGroup = D8EA626F30284C2D0017CAAA /* Products */;
			projectDirPath = "";
			projectRoot = "";
			targets = (
				D8EA626D30284C2D0017CAAA /* SyncNos (iOS) */,
				D8EA627F30284C2D0017CAAA /* SyncNos (macOS) */,
				D8EA628B30284C2D0017CAAA /* SyncNos Extension (iOS) */,
				D8EA629530284C2D0017CAAA /* SyncNos Extension (macOS) */,
			);
		};
/* End PBXProject section */

/* Begin PBXResourcesBuildPhase section */
		D8EA626C30284C2D0017CAAA /* Resources */ = {
			isa = PBXResourcesBuildPhase;
			files = (
				D8EA629E30284C2D0017CAAA /* Icon.png in Resources */,
				D8EA627730284C2D0017CAAA /* LaunchScreen.storyboard in Resources */,
				D8EA629C30284C2D0017CAAA /* Main.html in Resources */,
				D8EA62A230284C2D0017CAAA /* Script.js in Resources */,
				D8EA62A630284C2D0017CAAA /* Assets.xcassets in Resources */,
				D8EA627A30284C2D0017CAAA /* Main.storyboard in Resources */,
				D8EA62A030284C2D0017CAAA /* Style.css in Resources */,
			);
		};
		D8EA627E30284C2D0017CAAA /* Resources */ = {
			isa = PBXResourcesBuildPhase;
			files = (
				D8EA629F30284C2D0017CAAA /* Icon.png in Resources */,
				D8EA62A130284C2D0017CAAA /* Style.css in Resources */,
				D8EA628630284C2D0017CAAA /* Main.storyboard in Resources */,
				D8EA62A330284C2D0017CAAA /* Script.js in Resources */,
				D8EA62A730284C2D0017CAAA /* Assets.xcassets in Resources */,
				D8EA629D30284C2D0017CAAA /* Main.html in Resources */,
			);
		};
		D8EA628A30284C2D0017CAAA /* Resources */ = {
			isa = PBXResourcesBuildPhase;
			files = (
				D8EA62D130284C2D0017CAAA /* chunks in Resources */,
				D8EA62CF30284C2D0017CAAA /* background.js in Resources */,
				D8EA62D030284C2D0017CAAA /* popup.html in Resources */,
				D8EA62D730284C2D0017CAAA /* assets in Resources */,
				D8EA62D330284C2D0017CAAA /* icons in Resources */,
				D8EA62D630284C2D0017CAAA /* app.html in Resources */,
				D8EA62D430284C2D0017CAAA /* manifest.json in Resources */,
				D8EA62D530284C2D0017CAAA /* _locales in Resources */,
				D8EA62D230284C2D0017CAAA /* content-scripts in Resources */,
				D8EA62D830284C2D0017CAAA /* src in Resources */,
			);
		};
		D8EA629430284C2D0017CAAA /* Resources */ = {
			isa = PBXResourcesBuildPhase;
			files = (
				D8EA62C730284C2D0017CAAA /* chunks in Resources */,
				D8EA62C530284C2D0017CAAA /* background.js in Resources */,
				D8EA62C630284C2D0017CAAA /* popup.html in Resources */,
				D8EA62CD30284C2D0017CAAA /* assets in Resources */,
				D8EA62C930284C2D0017CAAA /* icons in Resources */,
				D8EA62CC30284C2D0017CAAA /* app.html in Resources */,
				D8EA62CA30284C2D0017CAAA /* manifest.json in Resources */,
				D8EA62CB30284C2D0017CAAA /* _locales in Resources */,
				D8EA62C830284C2D0017CAAA /* content-scripts in Resources */,
				D8EA62CE30284C2D0017CAAA /* src in Resources */,
			);
		};
/* End PBXResourcesBuildPhase section */

/* Begin PBXSourcesBuildPhase section */
		D8EA626A30284C2D0017CAAA /* Sources */ = {
			isa = PBXSourcesBuildPhase;
			files = (
				D8EA62A430284C2D0017CAAA /* ViewController.swift in Sources */,
				D8EA627230284C2D0017CAAA /* AppDelegate.swift in Sources */,
				D8EA627430284C2D0017CAAA /* SceneDelegate.swift in Sources */,
			);
		};
		D8EA627C30284C2D0017CAAA /* Sources */ = {
			isa = PBXSourcesBuildPhase;
			files = (
				D8EA62A530284C2D0017CAAA /* ViewController.swift in Sources */,
				D8EA628330284C2D0017CAAA /* AppDelegate.swift in Sources */,
			);
		};
		D8EA628830284C2D0017CAAA /* Sources */ = {
			isa = PBXSourcesBuildPhase;
			files = (
				D8EA62A830284C2D0017CAAA /* SafariWebExtensionHandler.swift in Sources */,
			);
		};
		D8EA629230284C2D0017CAAA /* Sources */ = {
			isa = PBXSourcesBuildPhase;
			files = (
				D8EA62A930284C2D0017CAAA /* SafariWebExtensionHandler.swift in Sources */,
			);
		};
/* End PBXSourcesBuildPhase section */

/* Begin PBXTargetDependency section */
		D8EA628F30284C2D0017CAAA /* PBXTargetDependency */ = {
			isa = PBXTargetDependency;
			target = D8EA628B30284C2D0017CAAA /* SyncNos Extension (iOS) */;
			targetProxy = D8EA628E30284C2D0017CAAA /* PBXContainerItemProxy */;
		};
		D8EA629930284C2D0017CAAA /* PBXTargetDependency */ = {
			isa = PBXTargetDependency;
			target = D8EA629530284C2D0017CAAA /* SyncNos Extension (macOS) */;
			targetProxy = D8EA629830284C2D0017CAAA /* PBXContainerItemProxy */;
		};
/* End PBXTargetDependency section */

/* Begin PBXVariantGroup section */
		D8EA626130284C2C0017CAAA /* Main.html */ = {
			isa = PBXVariantGroup;
			children = (
				D8EA626230284C2C0017CAAA /* Base */,
			);
			name = Main.html;
			sourceTree = "<group>";
		};
		D8EA627530284C2D0017CAAA /* LaunchScreen.storyboard */ = {
			isa = PBXVariantGroup;
			children = (
				D8EA627630284C2D0017CAAA /* Base */,
			);
			name = LaunchScreen.storyboard;
			sourceTree = "<group>";
		};
		D8EA627830284C2D0017CAAA /* Main.storyboard */ = {
			isa = PBXVariantGroup;
			children = (
				D8EA627930284C2D0017CAAA /* Base */,
			);
			name = Main.storyboard;
			sourceTree = "<group>";
		};
		D8EA628430284C2D0017CAAA /* Main.storyboard */ = {
			isa = PBXVariantGroup;
			children = (
				D8EA628530284C2D0017CAAA /* Base */,
			);
			name = Main.storyboard;
			sourceTree = "<group>";
		};
/* End PBXVariantGroup section */

/* Begin XCBuildConfiguration section */
		D8EA62AA30284C2D0017CAAA /* Debug configuration for PBXProject "SyncNos" */ = {
			isa = XCBuildConfiguration;
			buildSettings = {
				ALWAYS_SEARCH_USER_PATHS = NO;
				ASSETCATALOG_COMPILER_GENERATE_SWIFT_ASSET_SYMBOL_EXTENSIONS = YES;
				CLANG_ANALYZER_NONNULL = YES;
				CLANG_ANALYZER_NUMBER_OBJECT_CONVERSION = YES_AGGRESSIVE;
				CLANG_CXX_LANGUAGE_STANDARD = "gnu++20";
				CLANG_ENABLE_MODULES = YES;
				CLANG_ENABLE_OBJC_ARC = YES;
				CLANG_ENABLE_OBJC_WEAK = YES;
				CLANG_WARN_BLOCK_CAPTURE_AUTORELEASING = YES;
				CLANG_WARN_BOOL_CONVERSION = YES;
				CLANG_WARN_COMMA = YES;
				CLANG_WARN_CONSTANT_CONVERSION = YES;
				CLANG_WARN_DEPRECATED_OBJC_IMPLEMENTATIONS = YES;
				CLANG_WARN_DIRECT_OBJC_ISA_USAGE = YES_ERROR;
				CLANG_WARN_DOCUMENTATION_COMMENTS = YES;
				CLANG_WARN_EMPTY_BODY = YES;
				CLANG_WARN_ENUM_CONVERSION = YES;
				CLANG_WARN_INFINITE_RECURSION = YES;
				CLANG_WARN_INT_CONVERSION = YES;
				CLANG_WARN_NON_LITERAL_NULL_CONVERSION = YES;
				CLANG_WARN_OBJC_IMPLICIT_RETAIN_SELF = YES;
				CLANG_WARN_OBJC_LITERAL_CONVERSION = YES;
				CLANG_WARN_OBJC_ROOT_CLASS = YES_ERROR;
				CLANG_WARN_QUOTED_INCLUDE_IN_FRAMEWORK_HEADER = YES;
				CLANG_WARN_RANGE_LOOP_ANALYSIS = YES;
				CLANG_WARN_STRICT_PROTOTYPES = YES;
				CLANG_WARN_SUSPICIOUS_MOVE = YES;
				CLANG_WARN_UNGUARDED_AVAILABILITY = YES_AGGRESSIVE;
				CLANG_WARN_UNREACHABLE_CODE = YES;
				CLANG_WARN__DUPLICATE_METHOD_MATCH = YES;
				COPY_PHASE_STRIP = NO;
				DEBUG_INFORMATION_FORMAT = dwarf;
				ENABLE_STRICT_OBJC_MSGSEND = YES;
				ENABLE_TESTABILITY = YES;
				ENABLE_USER_SCRIPT_SANDBOXING = YES;
				GCC_C_LANGUAGE_STANDARD = gnu17;
				GCC_DYNAMIC_NO_PIC = NO;
				GCC_NO_COMMON_BLOCKS = YES;
				GCC_OPTIMIZATION_LEVEL = 0;
				GCC_PREPROCESSOR_DEFINITIONS = (
					"DEBUG=1",
					"$(inherited)",
				);
				GCC_WARN_64_TO_32_BIT_CONVERSION = YES;
				GCC_WARN_ABOUT_RETURN_TYPE = YES_ERROR;
				GCC_WARN_UNDECLARED_SELECTOR = YES;
				GCC_WARN_UNINITIALIZED_AUTOS = YES_AGGRESSIVE;
				GCC_WARN_UNUSED_FUNCTION = YES;
				GCC_WARN_UNUSED_VARIABLE = YES;
				LOCALIZATION_PREFERS_STRING_CATALOGS = YES;
				MTL_ENABLE_DEBUG_INFO = INCLUDE_SOURCE;
				MTL_FAST_MATH = YES;
				ONLY_ACTIVE_ARCH = YES;
				SWIFT_ACTIVE_COMPILATION_CONDITIONS = "DEBUG $(inherited)";
				SWIFT_OPTIMIZATION_LEVEL = "-Onone";
			};
			name = Debug;
		};
		D8EA62AB30284C2D0017CAAA /* Release configuration for PBXProject "SyncNos" */ = {
			isa = XCBuildConfiguration;
			buildSettings = {
				ALWAYS_SEARCH_USER_PATHS = NO;
				ASSETCATALOG_COMPILER_GENERATE_SWIFT_ASSET_SYMBOL_EXTENSIONS = YES;
				CLANG_ANALYZER_NONNULL = YES;
				CLANG_ANALYZER_NUMBER_OBJECT_CONVERSION = YES_AGGRESSIVE;
				CLANG_CXX_LANGUAGE_STANDARD = "gnu++20";
				CLANG_ENABLE_MODULES = YES;
				CLANG_ENABLE_OBJC_ARC = YES;
				CLANG_ENABLE_OBJC_WEAK = YES;
				CLANG_WARN_BLOCK_CAPTURE_AUTORELEASING = YES;
				CLANG_WARN_BOOL_CONVERSION = YES;
				CLANG_WARN_COMMA = YES;
				CLANG_WARN_CONSTANT_CONVERSION = YES;
				CLANG_WARN_DEPRECATED_OBJC_IMPLEMENTATIONS = YES;
				CLANG_WARN_DIRECT_OBJC_ISA_USAGE = YES_ERROR;
				CLANG_WARN_DOCUMENTATION_COMMENTS = YES;
				CLANG_WARN_EMPTY_BODY = YES;
				CLANG_WARN_ENUM_CONVERSION = YES;
				CLANG_WARN_INFINITE_RECURSION = YES;
				CLANG_WARN_INT_CONVERSION = YES;
				CLANG_WARN_NON_LITERAL_NULL_CONVERSION = YES;
				CLANG_WARN_OBJC_IMPLICIT_RETAIN_SELF = YES;
				CLANG_WARN_OBJC_LITERAL_CONVERSION = YES;
				CLANG_WARN_OBJC_ROOT_CLASS = YES_ERROR;
				CLANG_WARN_QUOTED_INCLUDE_IN_FRAMEWORK_HEADER = YES;
				CLANG_WARN_RANGE_LOOP_ANALYSIS = YES;
				CLANG_WARN_STRICT_PROTOTYPES = YES;
				CLANG_WARN_SUSPICIOUS_MOVE = YES;
				CLANG_WARN_UNGUARDED_AVAILABILITY = YES_AGGRESSIVE;
				CLANG_WARN_UNREACHABLE_CODE = YES;
				CLANG_WARN__DUPLICATE_METHOD_MATCH = YES;
				COPY_PHASE_STRIP = NO;
				DEBUG_INFORMATION_FORMAT = "dwarf-with-dsym";
				ENABLE_NS_ASSERTIONS = NO;
				ENABLE_STRICT_OBJC_MSGSEND = YES;
				ENABLE_USER_SCRIPT_SANDBOXING = YES;
				GCC_C_LANGUAGE_STANDARD = gnu17;
				GCC_NO_COMMON_BLOCKS = YES;
				GCC_WARN_64_TO_32_BIT_CONVERSION = YES;
				GCC_WARN_ABOUT_RETURN_TYPE = YES_ERROR;
				GCC_WARN_UNDECLARED_SELECTOR = YES;
				GCC_WARN_UNINITIALIZED_AUTOS = YES_AGGRESSIVE;
				GCC_WARN_UNUSED_FUNCTION = YES;
				GCC_WARN_UNUSED_VARIABLE = YES;
				LOCALIZATION_PREFERS_STRING_CATALOGS = YES;
				MTL_ENABLE_DEBUG_INFO = NO;
				MTL_FAST_MATH = YES;
				SWIFT_COMPILATION_MODE = wholemodule;
			};
			name = Release;
		};
		D8EA62AD30284C2D0017CAAA /* Debug configuration for PBXNativeTarget "SyncNos Extension (iOS)" */ = {
			isa = XCBuildConfiguration;
			buildSettings = {
				CODE_SIGN_STYLE = Automatic;
				CURRENT_PROJECT_VERSION = 1;
				GENERATE_INFOPLIST_FILE = YES;
				INFOPLIST_FILE = "iOS (Extension)/Info.plist";
				INFOPLIST_KEY_CFBundleDisplayName = "SyncNos Extension";
				INFOPLIST_KEY_NSHumanReadableCopyright = "";
				IPHONEOS_DEPLOYMENT_TARGET = 15.0;
				LD_RUNPATH_SEARCH_PATHS = (
					"$(inherited)",
					"@executable_path/Frameworks",
					"@executable_path/../../Frameworks",
				);
				MARKETING_VERSION = 1.9.2;
				OTHER_LDFLAGS = (
					"-framework",
					SafariServices,
				);
				PRODUCT_BUNDLE_IDENTIFIER = com.chiimagnus.SyncNos.Webclipper.Extension;
				PRODUCT_NAME = "SyncNos Extension";
				SDKROOT = iphoneos;
				SKIP_INSTALL = YES;
				STRING_CATALOG_GENERATE_SYMBOLS = YES;
				SWIFT_APPROACHABLE_CONCURRENCY = YES;
				SWIFT_EMIT_LOC_STRINGS = YES;
				SWIFT_UPCOMING_FEATURE_MEMBER_IMPORT_VISIBILITY = YES;
				SWIFT_VERSION = 5.0;
				TARGETED_DEVICE_FAMILY = "1,2";
			};
			name = Debug;
		};
		D8EA62AE30284C2D0017CAAA /* Release configuration for PBXNativeTarget "SyncNos Extension (iOS)" */ = {
			isa = XCBuildConfiguration;
			buildSettings = {
				CODE_SIGN_STYLE = Automatic;
				CURRENT_PROJECT_VERSION = 1;
				GENERATE_INFOPLIST_FILE = YES;
				INFOPLIST_FILE = "iOS (Extension)/Info.plist";
				INFOPLIST_KEY_CFBundleDisplayName = "SyncNos Extension";
				INFOPLIST_KEY_NSHumanReadableCopyright = "";
				IPHONEOS_DEPLOYMENT_TARGET = 15.0;
				LD_RUNPATH_SEARCH_PATHS = (
					"$(inherited)",
					"@executable_path/Frameworks",
					"@executable_path/../../Frameworks",
				);
				MARKETING_VERSION = 1.9.2;
				OTHER_LDFLAGS = (
					"-framework",
					SafariServices,
				);
				PRODUCT_BUNDLE_IDENTIFIER = com.chiimagnus.SyncNos.Webclipper.Extension;
				PRODUCT_NAME = "SyncNos Extension";
				SDKROOT = iphoneos;
				SKIP_INSTALL = YES;
				STRING_CATALOG_GENERATE_SYMBOLS = YES;
				SWIFT_APPROACHABLE_CONCURRENCY = YES;
				SWIFT_EMIT_LOC_STRINGS = YES;
				SWIFT_UPCOMING_FEATURE_MEMBER_IMPORT_VISIBILITY = YES;
				SWIFT_VERSION = 5.0;
				TARGETED_DEVICE_FAMILY = "1,2";
				VALIDATE_PRODUCT = YES;
			};
			name = Release;
		};
		D8EA62B130284C2D0017CAAA /* Debug configuration for PBXNativeTarget "SyncNos (iOS)" */ = {
			isa = XCBuildConfiguration;
			buildSettings = {
				ASSETCATALOG_COMPILER_APPICON_NAME = AppIcon;
				ASSETCATALOG_COMPILER_GLOBAL_ACCENT_COLOR_NAME = AccentColor;
				CODE_SIGN_STYLE = Automatic;
				CURRENT_PROJECT_VERSION = 1;
				GENERATE_INFOPLIST_FILE = YES;
				INFOPLIST_FILE = "iOS (App)/Info.plist";
				INFOPLIST_KEY_CFBundleDisplayName = SyncNos;
				INFOPLIST_KEY_UIApplicationSupportsIndirectInputEvents = YES;
				INFOPLIST_KEY_UILaunchStoryboardName = LaunchScreen;
				INFOPLIST_KEY_UIMainStoryboardFile = Main;
				INFOPLIST_KEY_UISupportedInterfaceOrientations = "UIInterfaceOrientationPortrait UIInterfaceOrientationLandscapeLeft UIInterfaceOrientationLandscapeRight";
				INFOPLIST_KEY_UISupportedInterfaceOrientations_iPad = "UIInterfaceOrientationPortrait UIInterfaceOrientationPortraitUpsideDown UIInterfaceOrientationLandscapeLeft UIInterfaceOrientationLandscapeRight";
				IPHONEOS_DEPLOYMENT_TARGET = 15.0;
				LD_RUNPATH_SEARCH_PATHS = (
					"$(inherited)",
					"@executable_path/Frameworks",
				);
				MARKETING_VERSION = 1.9.2;
				OTHER_LDFLAGS = (
					"-framework",
					SafariServices,
					"-framework",
					WebKit,
				);
				PRODUCT_BUNDLE_IDENTIFIER = com.chiimagnus.SyncNos.Webclipper;
				PRODUCT_NAME = SyncNos;
				SDKROOT = iphoneos;
				STRING_CATALOG_GENERATE_SYMBOLS = YES;
				SWIFT_APPROACHABLE_CONCURRENCY = YES;
				SWIFT_DEFAULT_ACTOR_ISOLATION = MainActor;
				SWIFT_EMIT_LOC_STRINGS = YES;
				SWIFT_UPCOMING_FEATURE_MEMBER_IMPORT_VISIBILITY = YES;
				SWIFT_VERSION = 5.0;
				TARGETED_DEVICE_FAMILY = "1,2";
			};
			name = Debug;
		};
		D8EA62B230284C2D0017CAAA /* Release configuration for PBXNativeTarget "SyncNos (iOS)" */ = {
			isa = XCBuildConfiguration;
			buildSettings = {
				ASSETCATALOG_COMPILER_APPICON_NAME = AppIcon;
				ASSETCATALOG_COMPILER_GLOBAL_ACCENT_COLOR_NAME = AccentColor;
				CODE_SIGN_STYLE = Automatic;
				CURRENT_PROJECT_VERSION = 1;
				GENERATE_INFOPLIST_FILE = YES;
				INFOPLIST_FILE = "iOS (App)/Info.plist";
				INFOPLIST_KEY_CFBundleDisplayName = SyncNos;
				INFOPLIST_KEY_UIApplicationSupportsIndirectInputEvents = YES;
				INFOPLIST_KEY_UILaunchStoryboardName = LaunchScreen;
				INFOPLIST_KEY_UIMainStoryboardFile = Main;
				INFOPLIST_KEY_UISupportedInterfaceOrientations = "UIInterfaceOrientationPortrait UIInterfaceOrientationLandscapeLeft UIInterfaceOrientationLandscapeRight";
				INFOPLIST_KEY_UISupportedInterfaceOrientations_iPad = "UIInterfaceOrientationPortrait UIInterfaceOrientationPortraitUpsideDown UIInterfaceOrientationLandscapeLeft UIInterfaceOrientationLandscapeRight";
				IPHONEOS_DEPLOYMENT_TARGET = 15.0;
				LD_RUNPATH_SEARCH_PATHS = (
					"$(inherited)",
					"@executable_path/Frameworks",
				);
				MARKETING_VERSION = 1.9.2;
				OTHER_LDFLAGS = (
					"-framework",
					SafariServices,
					"-framework",
					WebKit,
				);
				PRODUCT_BUNDLE_IDENTIFIER = com.chiimagnus.SyncNos.Webclipper;
				PRODUCT_NAME = SyncNos;
				SDKROOT = iphoneos;
				STRING_CATALOG_GENERATE_SYMBOLS = YES;
				SWIFT_APPROACHABLE_CONCURRENCY = YES;
				SWIFT_DEFAULT_ACTOR_ISOLATION = MainActor;
				SWIFT_EMIT_LOC_STRINGS = YES;
				SWIFT_UPCOMING_FEATURE_MEMBER_IMPORT_VISIBILITY = YES;
				SWIFT_VERSION = 5.0;
				TARGETED_DEVICE_FAMILY = "1,2";
				VALIDATE_PRODUCT = YES;
			};
			name = Release;
		};
		D8EA62B430284C2D0017CAAA /* Debug configuration for PBXNativeTarget "SyncNos Extension (macOS)" */ = {
			isa = XCBuildConfiguration;
			buildSettings = {
				CODE_SIGN_STYLE = Automatic;
				CURRENT_PROJECT_VERSION = 1;
				ENABLE_APP_SANDBOX = YES;
				ENABLE_HARDENED_RUNTIME = YES;
				ENABLE_USER_SELECTED_FILES = readonly;
				GENERATE_INFOPLIST_FILE = YES;
				INFOPLIST_FILE = "macOS (Extension)/Info.plist";
				INFOPLIST_KEY_CFBundleDisplayName = "SyncNos Extension";
				INFOPLIST_KEY_NSHumanReadableCopyright = "";
				LD_RUNPATH_SEARCH_PATHS = (
					"$(inherited)",
					"@executable_path/../Frameworks",
					"@executable_path/../../../../Frameworks",
				);
				MACOSX_DEPLOYMENT_TARGET = 12.0;
				MARKETING_VERSION = 1.9.2;
				OTHER_LDFLAGS = (
					"-framework",
					SafariServices,
				);
				PRODUCT_BUNDLE_IDENTIFIER = com.chiimagnus.SyncNos.Webclipper.Extension;
				PRODUCT_NAME = "SyncNos Extension";
				SDKROOT = macosx;
				SKIP_INSTALL = YES;
				STRING_CATALOG_GENERATE_SYMBOLS = YES;
				SWIFT_APPROACHABLE_CONCURRENCY = YES;
				SWIFT_EMIT_LOC_STRINGS = YES;
				SWIFT_UPCOMING_FEATURE_MEMBER_IMPORT_VISIBILITY = YES;
				SWIFT_VERSION = 5.0;
			};
			name = Debug;
		};
		D8EA62B530284C2D0017CAAA /* Release configuration for PBXNativeTarget "SyncNos Extension (macOS)" */ = {
			isa = XCBuildConfiguration;
			buildSettings = {
				CODE_SIGN_STYLE = Automatic;
				CURRENT_PROJECT_VERSION = 1;
				ENABLE_APP_SANDBOX = YES;
				ENABLE_HARDENED_RUNTIME = YES;
				ENABLE_USER_SELECTED_FILES = readonly;
				GENERATE_INFOPLIST_FILE = YES;
				INFOPLIST_FILE = "macOS (Extension)/Info.plist";
				INFOPLIST_KEY_CFBundleDisplayName = "SyncNos Extension";
				INFOPLIST_KEY_NSHumanReadableCopyright = "";
				LD_RUNPATH_SEARCH_PATHS = (
					"$(inherited)",
					"@executable_path/../Frameworks",
					"@executable_path/../../../../Frameworks",
				);
				MACOSX_DEPLOYMENT_TARGET = 12.0;
				MARKETING_VERSION = 1.9.2;
				OTHER_LDFLAGS = (
					"-framework",
					SafariServices,
				);
				PRODUCT_BUNDLE_IDENTIFIER = com.chiimagnus.SyncNos.Webclipper.Extension;
				PRODUCT_NAME = "SyncNos Extension";
				SDKROOT = macosx;
				SKIP_INSTALL = YES;
				STRING_CATALOG_GENERATE_SYMBOLS = YES;
				SWIFT_APPROACHABLE_CONCURRENCY = YES;
				SWIFT_EMIT_LOC_STRINGS = YES;
				SWIFT_UPCOMING_FEATURE_MEMBER_IMPORT_VISIBILITY = YES;
				SWIFT_VERSION = 5.0;
			};
			name = Release;
		};
		D8EA62B830284C2D0017CAAA /* Debug configuration for PBXNativeTarget "SyncNos (macOS)" */ = {
			isa = XCBuildConfiguration;
			buildSettings = {
				ASSETCATALOG_COMPILER_APPICON_NAME = AppIcon;
				ASSETCATALOG_COMPILER_GLOBAL_ACCENT_COLOR_NAME = AccentColor;
				CODE_SIGN_STYLE = Automatic;
				CURRENT_PROJECT_VERSION = 1;
				ENABLE_APP_SANDBOX = YES;
				ENABLE_HARDENED_RUNTIME = YES;
				ENABLE_OUTGOING_NETWORK_CONNECTIONS = YES;
				ENABLE_USER_SELECTED_FILES = readonly;
				GENERATE_INFOPLIST_FILE = YES;
				INFOPLIST_FILE = "macOS (App)/Info.plist";
				INFOPLIST_KEY_CFBundleDisplayName = SyncNos;
				INFOPLIST_KEY_NSMainStoryboardFile = Main;
				INFOPLIST_KEY_NSPrincipalClass = NSApplication;
				LD_RUNPATH_SEARCH_PATHS = (
					"$(inherited)",
					"@executable_path/../Frameworks",
				);
				MACOSX_DEPLOYMENT_TARGET = 12.0;
				MARKETING_VERSION = 1.9.2;
				OTHER_LDFLAGS = (
					"-framework",
					SafariServices,
					"-framework",
					WebKit,
				);
				PRODUCT_BUNDLE_IDENTIFIER = com.chiimagnus.SyncNos.Webclipper;
				PRODUCT_NAME = SyncNos;
				REGISTER_APP_GROUPS = YES;
				SDKROOT = macosx;
				STRING_CATALOG_GENERATE_SYMBOLS = YES;
				SWIFT_APPROACHABLE_CONCURRENCY = YES;
				SWIFT_DEFAULT_ACTOR_ISOLATION = MainActor;
				SWIFT_EMIT_LOC_STRINGS = YES;
				SWIFT_UPCOMING_FEATURE_MEMBER_IMPORT_VISIBILITY = YES;
				SWIFT_VERSION = 5.0;
			};
			name = Debug;
		};
		D8EA62B930284C2D0017CAAA /* Release configuration for PBXNativeTarget "SyncNos (macOS)" */ = {
			isa = XCBuildConfiguration;
			buildSettings = {
				ASSETCATALOG_COMPILER_APPICON_NAME = AppIcon;
				ASSETCATALOG_COMPILER_GLOBAL_ACCENT_COLOR_NAME = AccentColor;
				CODE_SIGN_STYLE = Automatic;
				CURRENT_PROJECT_VERSION = 1;
				ENABLE_APP_SANDBOX = YES;
				ENABLE_HARDENED_RUNTIME = YES;
				ENABLE_OUTGOING_NETWORK_CONNECTIONS = YES;
				ENABLE_USER_SELECTED_FILES = readonly;
				GENERATE_INFOPLIST_FILE = YES;
				INFOPLIST_FILE = "macOS (App)/Info.plist";
				INFOPLIST_KEY_CFBundleDisplayName = SyncNos;
				INFOPLIST_KEY_NSMainStoryboardFile = Main;
				INFOPLIST_KEY_NSPrincipalClass = NSApplication;
				LD_RUNPATH_SEARCH_PATHS = (
					"$(inherited)",
					"@executable_path/../Frameworks",
				);
				MACOSX_DEPLOYMENT_TARGET = 12.0;
				MARKETING_VERSION = 1.9.2;
				OTHER_LDFLAGS = (
					"-framework",
					SafariServices,
					"-framework",
					WebKit,
				);
				PRODUCT_BUNDLE_IDENTIFIER = com.chiimagnus.SyncNos.Webclipper;
				PRODUCT_NAME = SyncNos;
				REGISTER_APP_GROUPS = YES;
				SDKROOT = macosx;
				STRING_CATALOG_GENERATE_SYMBOLS = YES;
				SWIFT_APPROACHABLE_CONCURRENCY = YES;
				SWIFT_DEFAULT_ACTOR_ISOLATION = MainActor;
				SWIFT_EMIT_LOC_STRINGS = YES;
				SWIFT_UPCOMING_FEATURE_MEMBER_IMPORT_VISIBILITY = YES;
				SWIFT_VERSION = 5.0;
			};
			name = Release;
		};
/* End XCBuildConfiguration section */

/* Begin XCConfigurationList section */
		D8EA625E30284C2B0017CAAA /* Build configuration list for PBXProject "SyncNos" */ = {
			isa = XCConfigurationList;
			buildConfigurations = (
				D8EA62AA30284C2D0017CAAA /* Debug configuration for PBXProject "SyncNos" */,
				D8EA62AB30284C2D0017CAAA /* Release configuration for PBXProject "SyncNos" */,
			);
			defaultConfigurationName = Release;
		};
		D8EA62AC30284C2D0017CAAA /* Build configuration list for PBXNativeTarget "SyncNos Extension (iOS)" */ = {
			isa = XCConfigurationList;
			buildConfigurations = (
				D8EA62AD30284C2D0017CAAA /* Debug configuration for PBXNativeTarget "SyncNos Extension (iOS)" */,
				D8EA62AE30284C2D0017CAAA /* Release configuration for PBXNativeTarget "SyncNos Extension (iOS)" */,
			);
			defaultConfigurationName = Release;
		};
		D8EA62B030284C2D0017CAAA /* Build configuration list for PBXNativeTarget "SyncNos (iOS)" */ = {
			isa = XCConfigurationList;
			buildConfigurations = (
				D8EA62B130284C2D0017CAAA /* Debug configuration for PBXNativeTarget "SyncNos (iOS)" */,
				D8EA62B230284C2D0017CAAA /* Release configuration for PBXNativeTarget "SyncNos (iOS)" */,
			);
			defaultConfigurationName = Release;
		};
		D8EA62B330284C2D0017CAAA /* Build configuration list for PBXNativeTarget "SyncNos Extension (macOS)" */ = {
			isa = XCConfigurationList;
			buildConfigurations = (
				D8EA62B430284C2D0017CAAA /* Debug configuration for PBXNativeTarget "SyncNos Extension (macOS)" */,
				D8EA62B530284C2D0017CAAA /* Release configuration for PBXNativeTarget "SyncNos Extension (macOS)" */,
			);
			defaultConfigurationName = Release;
		};
		D8EA62B730284C2D0017CAAA /* Build configuration list for PBXNativeTarget "SyncNos (macOS)" */ = {
			isa = XCConfigurationList;
			buildConfigurations = (
				D8EA62B830284C2D0017CAAA /* Debug configuration for PBXNativeTarget "SyncNos (macOS)" */,
				D8EA62B930284C2D0017CAAA /* Release configuration for PBXNativeTarget "SyncNos (macOS)" */,
			);
			defaultConfigurationName = Release;
		};
/* End XCConfigurationList section */
	};
	rootObject = D8EA625B30284C2B0017CAAA /* Project object */;
	validationLevel = 1;
}
